
Microsoft Visual Studio Solution File, Format Version 12.00
# Visual Studio 15
Project("{FAE04EC0-301F-11D3-BF4B-00C04F79EFBC}") = "cs-huffman-code", "cs-huffman-code.csproj", "{9308A030-52E8-4D0C-A476-79AD2E24156F}"
EndProject
Global
	GlobalSection(SolutionConfigurationPlatforms) = preSolution
		Debug|Any CPU = Debug|Any CPU
		Release|Any CPU = Release|Any CPU
	EndGlobalSection
	GlobalSection(ProjectConfigurationPlatforms) = postSolution
		{9308A030-52E8-4D0C-A476-79AD2E24156F}.Debug|Any CPU.ActiveCfg = Debug|Any CPU
		{9308A030-52E8-4D0C-A476-79AD2E24156F}.Debug|Any CPU.Build.0 = Debug|Any CPU
		{9308A030-52E8-4D0C-A476-79AD2E24156F}.Release|Any CPU.ActiveCfg = Release|Any CPU
		{9308A030-52E8-4D0C-A476-79AD2E24156F}.Release|Any CPU.Build.0 = Release|Any CPU
	EndGlobalSection
EndGlobal
